
Microsoft Visual Studio Solution File, Format Version 12.00
# Visual Studio 15
VisualStudioVersion = 15.0.27130.2027
MinimumVisualStudioVersion = 10.0.40219.1
Project("{8BC9CEB8-8B4A-11D0-8D11-00A0C91BC942}") = "hello", "hello\hello.vcxproj", "{FF750AB5-6C10-42D9-85E2-C17074E84024}"
EndProject
Global
	GlobalSection(SolutionConfigurationPlatforms) = preSolution
		Debug|x64 = Debug|x64
		Debug|x86 = Debug|x86
		Release|x64 = Release|x64
		Release|x86 = Release|x86
	EndGlobalSection
	GlobalSection(ProjectConfigurationPlatforms) = postSolution
		{FF750AB5-6C10-42D9-85E2-C17074E84024}.Debug|x64.ActiveCfg = Debug|x64
		{FF750AB5-6C10-42D9-85E2-C17074E84024}.Debug|x64.Build.0 = Debug|x64
		{FF750AB5-6C10-42D9-85E2-C17074E84024}.Debug|x86.ActiveCfg = Debug|Win32
		{FF750AB5-6C10-42D9-85E2-C17074E84024}.Debug|x86.Build.0 = Debug|Win32
		{FF750AB5-6C10-42D9-85E2-C17074E84024}.Release|x64.ActiveCfg = Release|x64
		{FF750AB5-6C10-42D9-85E2-C17074E84024}.Release|x64.Build.0 = Release|x64
		{FF750AB5-6C10-42D9-85E2-C17074E84024}.Release|x86.ActiveCfg = Release|Win32
		{FF750AB5-6C10-42D9-85E2-C17074E84024}.Release|x86.Build.0 = Release|Win32
	EndGlobalSection
	GlobalSection(SolutionProperties) = preSolution
		HideSolutionNode = FALSE
	EndGlobalSection
	GlobalSection(ExtensibilityGlobals) = postSolution
		SolutionGuid = {50A59A69-92DC-462E-8844-6E886685E2ED}
	EndGlobalSection
EndGlobal
